
Microsoft Visual Studio Solution File, Format Version 12.00
# Visual Studio Version 17
VisualStudioVersion = 17.13.35931.197 d17.13
MinimumVisualStudioVersion = 10.0.40219.1
Project("{FAE04EC0-301F-11D3-BF4B-00C04F79EFBC}") = "_03_SOLID_Principles", "_03_SOLID_Principles.csproj", "{44ED8735-45AF-4C78-B73D-EB157E7A8995}"
EndProject
Global
	GlobalSection(SolutionConfigurationPlatforms) = preSolution
		Debug|Any CPU = Debug|Any CPU
		Release|Any CPU = Release|Any CPU
	EndGlobalSection
	GlobalSection(ProjectConfigurationPlatforms) = postSolution
		{44ED8735-45AF-4C78-B73D-EB157E7A8995}.Debug|Any CPU.ActiveCfg = Debug|Any CPU
		{44ED8735-45AF-4C78-B73D-EB157E7A8995}.Debug|Any CPU.Build.0 = Debug|Any CPU
		{44ED8735-45AF-4C78-B73D-EB157E7A8995}.Release|Any CPU.ActiveCfg = Release|Any CPU
		{44ED8735-45AF-4C78-B73D-EB157E7A8995}.Release|Any CPU.Build.0 = Release|Any CPU
	EndGlobalSection
	GlobalSection(SolutionProperties) = preSolution
		HideSolutionNode = FALSE
	EndGlobalSection
	GlobalSection(ExtensibilityGlobals) = postSolution
		SolutionGuid = {AC2BC795-1367-43B3-8822-BF1E912F6319}
	EndGlobalSection
EndGlobal
